# THIS IS AN AUTOGENERATED FILE. DO NOT EDIT THIS FILE DIRECTLY.
# yarn lockfile v1


"@fortawesome/fontawesome-free@5.9.0":
  version "5.9.0"
  resolved "https://registry.yarnpkg.com/@fortawesome/fontawesome-free/-/fontawesome-free-5.9.0.tgz#1aa5c59efb1b8c6eb6277d1e3e8c8f31998b8c8e"
  integrity sha512-g795BBEzM/Hq2SYNPm/NQTIp3IWd4eXSH0ds87Na2jnrAUFX3wkyZAI4Gwj9DOaWMuz2/01i8oWI7P7T/XLkhg==

bootstrap@4.3.1:
  version "4.3.1"
  resolved "https://registry.yarnpkg.com/bootstrap/-/bootstrap-4.3.1.tgz#280ca8f610504d99d7b6b4bfc4b68cec601704ac"
  integrity sha512-rXqOmH1VilAt2DyPzluTi2blhk17bO7ef+zLLPlWvG494pDxcM234pJ8wTc/6R40UWizAIIMgxjvxZg5kmsbag==

jquery.easing@^1.4.1:
  version "1.4.1"
  resolved "https://registry.yarnpkg.com/jquery.easing/-/jquery.easing-1.4.1.tgz#47982c5836bd758fd48494923c4a101ef6e93e3b"
  integrity sha1-R5gsWDa9dY/UhJSSPEoQHvbpPjs=

jquery@3.4.1:
  version "3.4.1"
  resolved "https://registry.yarnpkg.com/jquery/-/jquery-3.4.1.tgz#714f1f8d9dde4bdfa55764ba37ef214630d80ef2"
  integrity sha512-36+AdBzCL+y6qjw5Tx7HgzeGCzC81MDDgaUP8ld2zhx58HdqXGoBd+tHdrBMiyjGQs0Hxs/MLZTu/eHNJJuWPw==

simple-line-icons@2.4.1:
  version "2.4.1"
  resolved "https://registry.yarnpkg.com/simple-line-icons/-/simple-line-icons-2.4.1.tgz#b75bc5a0d87e530928c2ccda5735274bb256f234"
  integrity sha1-t1vFoNh+UwkowszaVzUnS7JW8jQ=

startbootstrap-new-age@^5.0.6:
  version "5.0.6"
  resolved "https://registry.yarnpkg.com/startbootstrap-new-age/-/startbootstrap-new-age-5.0.6.tgz#70492930b6c1c6afb98c24072b383588bdc010e0"
  integrity sha512-/3dotUggE/CTP3/W8ldT34xFmNTEUP/4pFsIWyfwk64DTWR9BiSmIHvQbGbCPPyr368K+J7jU1FwXlcLFnMWZA==
  dependencies:
    "@fortawesome/fontawesome-free" "5.9.0"
    bootstrap "4.3.1"
    jquery "3.4.1"
    jquery.easing "^1.4.1"
    simple-line-icons "2.4.1"
